
Microsoft Visual Studio Solution File, Format Version 12.00
# Visual Studio Version 17
VisualStudioVersion = 17.14.36623.8
MinimumVisualStudioVersion = 10.0.40219.1
Project("{FAE04EC0-301F-11D3-BF4B-00C04F79EFBC}") = "Aula4", "Aula4.csproj", "{237ACADC-B14B-41CA-8182-1F68572B4B6B}"
EndProject
Project("{FAE04EC0-301F-11D3-BF4B-00C04F79EFBC}") = "CollectionsDemo", "CollectionsDemo\CollectionsDemo.csproj", "{64013FE4-6417-B275-7765-8694DD5CB15E}"
EndProject
Global
	GlobalSection(SolutionConfigurationPlatforms) = preSolution
		Debug|Any CPU = Debug|Any CPU
		Release|Any CPU = Release|Any CPU
	EndGlobalSection
	GlobalSection(ProjectConfigurationPlatforms) = postSolution
		{237ACADC-B14B-41CA-8182-1F68572B4B6B}.Debug|Any CPU.ActiveCfg = Debug|Any CPU
		{237ACADC-B14B-41CA-8182-1F68572B4B6B}.Debug|Any CPU.Build.0 = Debug|Any CPU
		{237ACADC-B14B-41CA-8182-1F68572B4B6B}.Release|Any CPU.ActiveCfg = Release|Any CPU
		{237ACADC-B14B-41CA-8182-1F68572B4B6B}.Release|Any CPU.Build.0 = Release|Any CPU
		{64013FE4-6417-B275-7765-8694DD5CB15E}.Debug|Any CPU.ActiveCfg = Debug|Any CPU
		{64013FE4-6417-B275-7765-8694DD5CB15E}.Debug|Any CPU.Build.0 = Debug|Any CPU
		{64013FE4-6417-B275-7765-8694DD5CB15E}.Release|Any CPU.ActiveCfg = Release|Any CPU
		{64013FE4-6417-B275-7765-8694DD5CB15E}.Release|Any CPU.Build.0 = Release|Any CPU
	EndGlobalSection
	GlobalSection(SolutionProperties) = preSolution
		HideSolutionNode = FALSE
	EndGlobalSection
	GlobalSection(ExtensibilityGlobals) = postSolution
		SolutionGuid = {2472FBAF-1050-4D05-BBAE-6B24521528B7}
	EndGlobalSection
EndGlobal
